Microsoft Visual Studio Solution File, Format Version 12.00
# Visual Studio Version 17
VisualStudioVersion = 17.5.2.0
MinimumVisualStudioVersion = 10.0.40219.1
Project("{FAE04EC0-301F-11D3-BF4B-00C04F79EFBC}") = "PlaylistTransferAPI", "PlaylistTransferAPI\PlaylistTransferAPI.csproj", "{9F536EB6-6A2E-6BAD-4CF0-1961CE346CA0}"
EndProject
Global
	GlobalSection(SolutionConfigurationPlatforms) = preSolution
		Debug|Any CPU = Debug|Any CPU
		Release|Any CPU = Release|Any CPU
	EndGlobalSection
	GlobalSection(ProjectConfigurationPlatforms) = postSolution
		{9F536EB6-6A2E-6BAD-4CF0-1961CE346CA0}.Debug|Any CPU.ActiveCfg = Debug|Any CPU
		{9F536EB6-6A2E-6BAD-4CF0-1961CE346CA0}.Debug|Any CPU.Build.0 = Debug|Any CPU
		{9F536EB6-6A2E-6BAD-4CF0-1961CE346CA0}.Release|Any CPU.ActiveCfg = Release|Any CPU
		{9F536EB6-6A2E-6BAD-4CF0-1961CE346CA0}.Release|Any CPU.Build.0 = Release|Any CPU
	EndGlobalSection
	GlobalSection(SolutionProperties) = preSolution
		HideSolutionNode = FALSE
	EndGlobalSection
	GlobalSection(ExtensibilityGlobals) = postSolution
		SolutionGuid = {7E2080BC-27E3-4669-BE84-599B57BD9E4D}
	EndGlobalSection
EndGlobal
